// !$*UTF8*$!
{
	archiveVersion = 1;
	classes = {
	};
	objectVersion = 46;
	objects = {

/* Begin PBXBuildFile section */
		354E91FC1AC7679800438ECA /* PreloadedSFX.m in Sources */ = {isa = PBXBuildFile; fileRef = 354E91FB1AC7679800438ECA /* PreloadedSFX.m */; };
		354E91FF1AC767A100438ECA /* shutter.wav in Resources */ = {isa = PBXBuildFile; fileRef = 354E91FE1AC767A100438ECA /* shutter.wav */; };
		3560A1091A9CD64B005E29DE /* LoginViewController.m in Sources */ = {isa = PBXBuildFile; fileRef = 3560A1081A9CD64B005E29DE /* LoginViewController.m */; };
		3560A1121A9D0C70005E29DE /* MainSnapViewController.m in Sources */ = {isa = PBXBuildFile; fileRef = 3560A1111A9D0C70005E29DE /* MainSnapViewController.m */; };
		3560A11C1A9E59A3005E29DE /* SnapListViewController.m in Sources */ = {isa = PBXBuildFile; fileRef = 3560A11B1A9E59A3005E29DE /* SnapListViewController.m */; };
		358A45A01AC33E360019EECC /* snap_roulette.png in Resources */ = {isa = PBXBuildFile; fileRef = 358A459F1AC33E360019EECC /* snap_roulette.png */; };
		358A45A21AC455F00019EECC /* polaroid.png in Resources */ = {isa = PBXBuildFile; fileRef = 358A45A11AC455F00019EECC /* polaroid.png */; };
		358A45A41AC458E90019EECC /* test.png in Resources */ = {isa = PBXBuildFile; fileRef = 358A45A31AC458E90019EECC /* test.png */; };
		35B3988A1A96711900975CDD /* main.m in Sources */ = {isa = PBXBuildFile; fileRef = 35B398891A96711900975CDD /* main.m */; };
		35B3988D1A96711900975CDD /* AppDelegate.m in Sources */ = {isa = PBXBuildFile; fileRef = 35B3988C1A96711900975CDD /* AppDelegate.m */; };
		35B398951A96711900975CDD /* Images.xcassets in Resources */ = {isa = PBXBuildFile; fileRef = 35B398941A96711900975CDD /* Images.xcassets */; };
		35B398981A96711900975CDD /* LaunchScreen.xib in Resources */ = {isa = PBXBuildFile; fileRef = 35B398961A96711900975CDD /* LaunchScreen.xib */; };
		35B398A41A96711900975CDD /* Snap_RouletteTests.m in Sources */ = {isa = PBXBuildFile; fileRef = 35B398A31A96711900975CDD /* Snap_RouletteTests.m */; };
		35CAA7951ADD6787002ED2C8 /* switch.png in Resources */ = {isa = PBXBuildFile; fileRef = 35CAA7941ADD6787002ED2C8 /* switch.png */; };
		35CAA7981ADD7023002ED2C8 /* SnapListTabBarController.m in Sources */ = {isa = PBXBuildFile; fileRef = 35CAA7971ADD7023002ED2C8 /* SnapListTabBarController.m */; };
		35CAA79B1ADD8821002ED2C8 /* PFQuery+DualQuery.m in Sources */ = {isa = PBXBuildFile; fileRef = 35CAA79A1ADD8821002ED2C8 /* PFQuery+DualQuery.m */; };
		35CAA79E1ADD9D3F002ED2C8 /* PFObject+AKLocalDatastore.m in Sources */ = {isa = PBXBuildFile; fileRef = 35CAA79D1ADD9D3F002ED2C8 /* PFObject+AKLocalDatastore.m */; };
		35CAA7A11ADDA62B002ED2C8 /* SnapTableViewCell.m in Sources */ = {isa = PBXBuildFile; fileRef = 35CAA7A01ADDA62B002ED2C8 /* SnapTableViewCell.m */; };
		35CAA88C1ADF17BF002ED2C8 /* RadialEmoteSelector.m in Sources */ = {isa = PBXBuildFile; fileRef = 35CAA88B1ADF17BF002ED2C8 /* RadialEmoteSelector.m */; };
		35F6C5901AE17D78009EA3F4 /* sent@2x.png in Resources */ = {isa = PBXBuildFile; fileRef = 35F6C58E1AE17D77009EA3F4 /* sent@2x.png */; };
		35F6C5911AE17D78009EA3F4 /* recv@2x.png in Resources */ = {isa = PBXBuildFile; fileRef = 35F6C58F1AE17D78009EA3F4 /* recv@2x.png */; };
		35F6C5931AE1815B009EA3F4 /* glass@2x.png in Resources */ = {isa = PBXBuildFile; fileRef = 35F6C5921AE1815B009EA3F4 /* glass@2x.png */; };
		35F7D0341AC6589A00AF7438 /* RandomHelpers.m in Sources */ = {isa = PBXBuildFile; fileRef = 35F7D0331AC6589A00AF7438 /* RandomHelpers.m */; };
		35F7D0361AC65C5100AF7438 /* facebook_default_portrait.png in Resources */ = {isa = PBXBuildFile; fileRef = 35F7D0351AC65C5100AF7438 /* facebook_default_portrait.png */; };
		35F7D0391AC6613F00AF7438 /* Lato-Regular.ttf in Resources */ = {isa = PBXBuildFile; fileRef = 35F7D0381AC6613F00AF7438 /* Lato-Regular.ttf */; };
		35F98A4A1AC1AD970058C346 /* FlatWheelImage.m in Sources */ = {isa = PBXBuildFile; fileRef = 35F98A491AC1AD970058C346 /* FlatWheelImage.m */; };
		35F98A4D1AC1EAD00058C346 /* AVFoundation.framework in Frameworks */ = {isa = PBXBuildFile; fileRef = 35F98A4B1AC1EAD00058C346 /* AVFoundation.framework */; };
		35F98A4E1AC1EAD00058C346 /* AVKit.framework in Frameworks */ = {isa = PBXBuildFile; fileRef = 35F98A4C1AC1EAD00058C346 /* AVKit.framework */; };
		7F4D1B9B0B931F10758A1355 /* libPods.a in Frameworks */ = {isa = PBXBuildFile; fileRef = B61EF3F9BF2F583C5D823126 /* libPods.a */; };
/* End PBXBuildFile section */

/* Begin PBXContainerItemProxy section */
		35B3989E1A96711900975CDD /* PBXContainerItemProxy */ = {
			isa = PBXContainerItemProxy;
			containerPortal = 35B3987C1A96711900975CDD /* Project object */;
			proxyType = 1;
			remoteGlobalIDString = 35B398831A96711900975CDD;
			remoteInfo = "Snap Roulette";
		};
/* End PBXContainerItemProxy section */

/* Begin PBXFileReference section */
		238C12ACCCBE7E5D7252B156 /* Pods.debug.xcconfig */ = {isa = PBXFileReference; includeInIndex = 1; lastKnownFileType = text.xcconfig; name = Pods.debug.xcconfig; path = "Pods/Target Support Files/Pods/Pods.debug.xcconfig"; sourceTree = "<group>"; };
		354E91FA1AC7679800438ECA /* PreloadedSFX.h */ = {isa = PBXFileReference; fileEncoding = 4; lastKnownFileType = sourcecode.c.h; path = PreloadedSFX.h; sourceTree = "<group>"; };
		354E91FB1AC7679800438ECA /* PreloadedSFX.m */ = {isa = PBXFileReference; fileEncoding = 4; lastKnownFileType = sourcecode.c.objc; path = PreloadedSFX.m; sourceTree = "<group>"; };
		354E91FE1AC767A100438ECA /* shutter.wav */ = {isa = PBXFileReference; lastKnownFileType = audio.wav; path = shutter.wav; sourceTree = "<group>"; };
		3560A1071A9CD64B005E29DE /* LoginViewController.h */ = {isa = PBXFileReference; fileEncoding = 4; lastKnownFileType = sourcecode.c.h; path = LoginViewController.h; sourceTree = "<group>"; };
		3560A1081A9CD64B005E29DE /* LoginViewController.m */ = {isa = PBXFileReference; fileEncoding = 4; lastKnownFileType = sourcecode.c.objc; path = LoginViewController.m; sourceTree = "<group>"; };
		3560A1101A9D0C70005E29DE /* MainSnapViewController.h */ = {isa = PBXFileReference; fileEncoding = 4; lastKnownFileType = sourcecode.c.h; path = MainSnapViewController.h; sourceTree = "<group>"; };
		3560A1111A9D0C70005E29DE /* MainSnapViewController.m */ = {isa = PBXFileReference; fileEncoding = 4; lastKnownFileType = sourcecode.c.objc; path = MainSnapViewController.m; sourceTree = "<group>"; };
		3560A1191A9E322A005E29DE /* Snap Roulette.pch */ = {isa = PBXFileReference; fileEncoding = 4; lastKnownFileType = sourcecode.c.h; path = "Snap Roulette.pch"; sourceTree = "<group>"; };
		3560A11A1A9E59A3005E29DE /* SnapListViewController.h */ = {isa = PBXFileReference; fileEncoding = 4; lastKnownFileType = sourcecode.c.h; path = SnapListViewController.h; sourceTree = "<group>"; };
		3560A11B1A9E59A3005E29DE /* SnapListViewController.m */ = {isa = PBXFileReference; fileEncoding = 4; lastKnownFileType = sourcecode.c.objc; path = SnapListViewController.m; sourceTree = "<group>"; };
		358A459F1AC33E360019EECC /* snap_roulette.png */ = {isa = PBXFileReference; lastKnownFileType = image.png; path = snap_roulette.png; sourceTree = "<group>"; };
		358A45A11AC455F00019EECC /* polaroid.png */ = {isa = PBXFileReference; lastKnownFileType = image.png; path = polaroid.png; sourceTree = "<group>"; };
		358A45A31AC458E90019EECC /* test.png */ = {isa = PBXFileReference; lastKnownFileType = image.png; path = test.png; sourceTree = "<group>"; };
		35B398841A96711900975CDD /* Snap Roulette.app */ = {isa = PBXFileReference; explicitFileType = wrapper.application; includeInIndex = 0; path = "Snap Roulette.app"; sourceTree = BUILT_PRODUCTS_DIR; };
		35B398881A96711900975CDD /* Info.plist */ = {isa = PBXFileReference; lastKnownFileType = text.plist.xml; path = Info.plist; sourceTree = "<group>"; };
		35B398891A96711900975CDD /* main.m */ = {isa = PBXFileReference; lastKnownFileType = sourcecode.c.objc; path = main.m; sourceTree = "<group>"; };
		35B3988B1A96711900975CDD /* AppDelegate.h */ = {isa = PBXFileReference; lastKnownFileType = sourcecode.c.h; path = AppDelegate.h; sourceTree = "<group>"; };
		35B3988C1A96711900975CDD /* AppDelegate.m */ = {isa = PBXFileReference; lastKnownFileType = sourcecode.c.objc; path = AppDelegate.m; sourceTree = "<group>"; };
		35B398941A96711900975CDD /* Images.xcassets */ = {isa = PBXFileReference; lastKnownFileType = folder.assetcatalog; path = Images.xcassets; sourceTree = "<group>"; };
		35B398971A96711900975CDD /* Base */ = {isa = PBXFileReference; lastKnownFileType = file.xib; name = Base; path = Base.lproj/LaunchScreen.xib; sourceTree = "<group>"; };
		35B3989D1A96711900975CDD /* Snap RouletteTests.xctest */ = {isa = PBXFileReference; explicitFileType = wrapper.cfbundle; includeInIndex = 0; path = "Snap RouletteTests.xctest"; sourceTree = BUILT_PRODUCTS_DIR; };
		35B398A21A96711900975CDD /* Info.plist */ = {isa = PBXFileReference; lastKnownFileType = text.plist.xml; path = Info.plist; sourceTree = "<group>"; };
		35B398A31A96711900975CDD /* Snap_RouletteTests.m */ = {isa = PBXFileReference; lastKnownFileType = sourcecode.c.objc; path = Snap_RouletteTests.m; sourceTree = "<group>"; };
		35CAA7941ADD6787002ED2C8 /* switch.png */ = {isa = PBXFileReference; lastKnownFileType = image.png; path = switch.png; sourceTree = "<group>"; };
		35CAA7961ADD7023002ED2C8 /* SnapListTabBarController.h */ = {isa = PBXFileReference; fileEncoding = 4; lastKnownFileType = sourcecode.c.h; path = SnapListTabBarController.h; sourceTree = "<group>"; };
		35CAA7971ADD7023002ED2C8 /* SnapListTabBarController.m */ = {isa = PBXFileReference; fileEncoding = 4; lastKnownFileType = sourcecode.c.objc; path = SnapListTabBarController.m; sourceTree = "<group>"; };
		35CAA7991ADD8821002ED2C8 /* PFQuery+DualQuery.h */ = {isa = PBXFileReference; fileEncoding = 4; lastKnownFileType = sourcecode.c.h; path = "PFQuery+DualQuery.h"; sourceTree = "<group>"; };
		35CAA79A1ADD8821002ED2C8 /* PFQuery+DualQuery.m */ = {isa = PBXFileReference; fileEncoding = 4; lastKnownFileType = sourcecode.c.objc; path = "PFQuery+DualQuery.m"; sourceTree = "<group>"; };
		35CAA79C1ADD9D3F002ED2C8 /* PFObject+AKLocalDatastore.h */ = {isa = PBXFileReference; fileEncoding = 4; lastKnownFileType = sourcecode.c.h; path = "PFObject+AKLocalDatastore.h"; sourceTree = "<group>"; };
		35CAA79D1ADD9D3F002ED2C8 /* PFObject+AKLocalDatastore.m */ = {isa = PBXFileReference; fileEncoding = 4; lastKnownFileType = sourcecode.c.objc; path = "PFObject+AKLocalDatastore.m"; sourceTree = "<group>"; };
		35CAA79F1ADDA62B002ED2C8 /* SnapTableViewCell.h */ = {isa = PBXFileReference; fileEncoding = 4; lastKnownFileType = sourcecode.c.h; path = SnapTableViewCell.h; sourceTree = "<group>"; };
		35CAA7A01ADDA62B002ED2C8 /* SnapTableViewCell.m */ = {isa = PBXFileReference; fileEncoding = 4; lastKnownFileType = sourcecode.c.objc; path = SnapTableViewCell.m; sourceTree = "<group>"; };
		35CAA88A1ADF17BF002ED2C8 /* RadialEmoteSelector.h */ = {isa = PBXFileReference; fileEncoding = 4; lastKnownFileType = sourcecode.c.h; path = RadialEmoteSelector.h; sourceTree = "<group>"; };
		35CAA88B1ADF17BF002ED2C8 /* RadialEmoteSelector.m */ = {isa = PBXFileReference; fileEncoding = 4; lastKnownFileType = sourcecode.c.objc; path = RadialEmoteSelector.m; sourceTree = "<group>"; };
		35F6C58E1AE17D77009EA3F4 /* sent@2x.png */ = {isa = PBXFileReference; lastKnownFileType = image.png; path = "sent@2x.png"; sourceTree = "<group>"; };
		35F6C58F1AE17D78009EA3F4 /* recv@2x.png */ = {isa = PBXFileReference; lastKnownFileType = image.png; path = "recv@2x.png"; sourceTree = "<group>"; };
		35F6C5921AE1815B009EA3F4 /* glass@2x.png */ = {isa = PBXFileReference; lastKnownFileType = image.png; path = "glass@2x.png"; sourceTree = "<group>"; };
		35F7D0321AC6589A00AF7438 /* RandomHelpers.h */ = {isa = PBXFileReference; fileEncoding = 4; lastKnownFileType = sourcecode.c.h; path = RandomHelpers.h; sourceTree = "<group>"; };
		35F7D0331AC6589A00AF7438 /* RandomHelpers.m */ = {isa = PBXFileReference; fileEncoding = 4; lastKnownFileType = sourcecode.c.objc; path = RandomHelpers.m; sourceTree = "<group>"; };
		35F7D0351AC65C5100AF7438 /* facebook_default_portrait.png */ = {isa = PBXFileReference; lastKnownFileType = image.png; path = facebook_default_portrait.png; sourceTree = "<group>"; };
		35F7D0381AC6613F00AF7438 /* Lato-Regular.ttf */ = {isa = PBXFileReference; lastKnownFileType = file; path = "Lato-Regular.ttf"; sourceTree = "<group>"; };
		35F98A481AC1AD970058C346 /* FlatWheelImage.h */ = {isa = PBXFileReference; fileEncoding = 4; lastKnownFileType = sourcecode.c.h; path = FlatWheelImage.h; sourceTree = "<group>"; };
		35F98A491AC1AD970058C346 /* FlatWheelImage.m */ = {isa = PBXFileReference; fileEncoding = 4; lastKnownFileType = sourcecode.c.objc; path = FlatWheelImage.m; sourceTree = "<group>"; };
		35F98A4B1AC1EAD00058C346 /* AVFoundation.framework */ = {isa = PBXFileReference; lastKnownFileType = wrapper.framework; name = AVFoundation.framework; path = System/Library/Frameworks/AVFoundation.framework; sourceTree = SDKROOT; };
		35F98A4C1AC1EAD00058C346 /* AVKit.framework */ = {isa = PBXFileReference; lastKnownFileType = wrapper.framework; name = AVKit.framework; path = System/Library/Frameworks/AVKit.framework; sourceTree = SDKROOT; };
		66E71F3445FEF093252D2DE5 /* Pods.release.xcconfig */ = {isa = PBXFileReference; includeInIndex = 1; lastKnownFileType = text.xcconfig; name = Pods.release.xcconfig; path = "Pods/Target Support Files/Pods/Pods.release.xcconfig"; sourceTree = "<group>"; };
		B61EF3F9BF2F583C5D823126 /* libPods.a */ = {isa = PBXFileReference; explicitFileType = archive.ar; includeInIndex = 0; path = libPods.a; sourceTree = BUILT_PRODUCTS_DIR; };
/* End PBXFileReference section */

/* Begin PBXFrameworksBuildPhase section */
		35B398811A96711900975CDD /* Frameworks */ = {
			isa = PBXFrameworksBuildPhase;
			buildActionMask = 2147483647;
			files = (
				35F98A4D1AC1EAD00058C346 /* AVFoundation.framework in Frameworks */,
				35F98A4E1AC1EAD00058C346 /* AVKit.framework in Frameworks */,
				7F4D1B9B0B931F10758A1355 /* libPods.a in Frameworks */,
			);
			runOnlyForDeploymentPostprocessing = 0;
		};
		35B3989A1A96711900975CDD /* Frameworks */ = {
			isa = PBXFrameworksBuildPhase;
			buildActionMask = 2147483647;
			files = (
			);
			runOnlyForDeploymentPostprocessing = 0;
		};
/* End PBXFrameworksBuildPhase section */

/* Begin PBXGroup section */
		2C23D53DBA511193C0F15805 /* Frameworks */ = {
			isa = PBXGroup;
			children = (
				35F98A4B1AC1EAD00058C346 /* AVFoundation.framework */,
				35F98A4C1AC1EAD00058C346 /* AVKit.framework */,
				B61EF3F9BF2F583C5D823126 /* libPods.a */,
			);
			name = Frameworks;
			sourceTree = "<group>";
		};
		354E91FD1AC767A100438ECA /* Audio */ = {
			isa = PBXGroup;
			children = (
				354E91FE1AC767A100438ECA /* shutter.wav */,
			);
			path = Audio;
			sourceTree = "<group>";
		};
		3560A1051A9CD64B005E29DE /* Classes */ = {
			isa = PBXGroup;
			children = (
				3560A11D1A9E5E2E005E29DE /* Helpers */,
				3560A11E1A9E5E2E005E29DE /* Views */,
				3560A11F1A9E5E2E005E29DE /* Models */,
				3560A1061A9CD64B005E29DE /* Controllers */,
			);
			path = Classes;
			sourceTree = "<group>";
		};
		3560A1061A9CD64B005E29DE /* Controllers */ = {
			isa = PBXGroup;
			children = (
				3560A1071A9CD64B005E29DE /* LoginViewController.h */,
				3560A1081A9CD64B005E29DE /* LoginViewController.m */,
				3560A1101A9D0C70005E29DE /* MainSnapViewController.h */,
				3560A1111A9D0C70005E29DE /* MainSnapViewController.m */,
				3560A11A1A9E59A3005E29DE /* SnapListViewController.h */,
				3560A11B1A9E59A3005E29DE /* SnapListViewController.m */,
				35CAA7961ADD7023002ED2C8 /* SnapListTabBarController.h */,
				35CAA7971ADD7023002ED2C8 /* SnapListTabBarController.m */,
			);
			path = Controllers;
			sourceTree = "<group>";
		};
		3560A11D1A9E5E2E005E29DE /* Helpers */ = {
			isa = PBXGroup;
			children = (
				35CAA79C1ADD9D3F002ED2C8 /* PFObject+AKLocalDatastore.h */,
				35CAA79D1ADD9D3F002ED2C8 /* PFObject+AKLocalDatastore.m */,
				354E91FA1AC7679800438ECA /* PreloadedSFX.h */,
				354E91FB1AC7679800438ECA /* PreloadedSFX.m */,
				35F98A481AC1AD970058C346 /* FlatWheelImage.h */,
				35F98A491AC1AD970058C346 /* FlatWheelImage.m */,
				35F7D0321AC6589A00AF7438 /* RandomHelpers.h */,
				35F7D0331AC6589A00AF7438 /* RandomHelpers.m */,
				35CAA7991ADD8821002ED2C8 /* PFQuery+DualQuery.h */,
				35CAA79A1ADD8821002ED2C8 /* PFQuery+DualQuery.m */,
			);
			path = Helpers;
			sourceTree = "<group>";
		};
		3560A11E1A9E5E2E005E29DE /* Views */ = {
			isa = PBXGroup;
			children = (
				35CAA79F1ADDA62B002ED2C8 /* SnapTableViewCell.h */,
				35CAA7A01ADDA62B002ED2C8 /* SnapTableViewCell.m */,
				35CAA88A1ADF17BF002ED2C8 /* RadialEmoteSelector.h */,
				35CAA88B1ADF17BF002ED2C8 /* RadialEmoteSelector.m */,
			);
			path = Views;
			sourceTree = "<group>";
		};
		3560A11F1A9E5E2E005E29DE /* Models */ = {
			isa = PBXGroup;
			children = (
			);
			path = Models;
			sourceTree = "<group>";
		};
		358A459D1AC33E360019EECC /* Images */ = {
			isa = PBXGroup;
			children = (
				358A459E1AC33E360019EECC /* UI */,
			);
			path = Images;
			sourceTree = "<group>";
		};
		358A459E1AC33E360019EECC /* UI */ = {
			isa = PBXGroup;
			children = (
				35F6C5921AE1815B009EA3F4 /* glass@2x.png */,
				35F6C58E1AE17D77009EA3F4 /* sent@2x.png */,
				35F6C58F1AE17D78009EA3F4 /* recv@2x.png */,
				35CAA7941ADD6787002ED2C8 /* switch.png */,
				35F7D0351AC65C5100AF7438 /* facebook_default_portrait.png */,
				358A45A31AC458E90019EECC /* test.png */,
				358A45A11AC455F00019EECC /* polaroid.png */,
				358A459F1AC33E360019EECC /* snap_roulette.png */,
			);
			path = UI;
			sourceTree = "<group>";
		};
		35B3987B1A96711900975CDD = {
			isa = PBXGroup;
			children = (
				35B398861A96711900975CDD /* Snap Roulette */,
				35B398A01A96711900975CDD /* Snap RouletteTests */,
				35B398851A96711900975CDD /* Products */,
				860DF25DF7FD6FCEA999EDFD /* Pods */,
				2C23D53DBA511193C0F15805 /* Frameworks */,
			);
			sourceTree = "<group>";
			usesTabs = 0;
		};
		35B398851A96711900975CDD /* Products */ = {
			isa = PBXGroup;
			children = (
				35B398841A96711900975CDD /* Snap Roulette.app */,
				35B3989D1A96711900975CDD /* Snap RouletteTests.xctest */,
			);
			name = Products;
			sourceTree = "<group>";
		};
		35B398861A96711900975CDD /* Snap Roulette */ = {
			isa = PBXGroup;
			children = (
				3560A1051A9CD64B005E29DE /* Classes */,
				35B3988B1A96711900975CDD /* AppDelegate.h */,
				35B3988C1A96711900975CDD /* AppDelegate.m */,
				35B398941A96711900975CDD /* Images.xcassets */,
				35B398961A96711900975CDD /* LaunchScreen.xib */,
				35B398871A96711900975CDD /* Supporting Files */,
			);
			path = "Snap Roulette";
			sourceTree = "<group>";
		};
		35B398871A96711900975CDD /* Supporting Files */ = {
			isa = PBXGroup;
			children = (
				354E91FD1AC767A100438ECA /* Audio */,
				35F7D0371AC6613F00AF7438 /* Fonts */,
				358A459D1AC33E360019EECC /* Images */,
				3560A1191A9E322A005E29DE /* Snap Roulette.pch */,
				35B398881A96711900975CDD /* Info.plist */,
				35B398891A96711900975CDD /* main.m */,
			);
			name = "Supporting Files";
			sourceTree = "<group>";
		};
		35B398A01A96711900975CDD /* Snap RouletteTests */ = {
			isa = PBXGroup;
			children = (
				35B398A31A96711900975CDD /* Snap_RouletteTests.m */,
				35B398A11A96711900975CDD /* Supporting Files */,
			);
			path = "Snap RouletteTests";
			sourceTree = "<group>";
		};
		35B398A11A96711900975CDD /* Supporting Files */ = {
			isa = PBXGroup;
			children = (
				35B398A21A96711900975CDD /* Info.plist */,
			);
			name = "Supporting Files";
			sourceTree = "<group>";
		};
		35F7D0371AC6613F00AF7438 /* Fonts */ = {
			isa = PBXGroup;
			children = (
				35F7D0381AC6613F00AF7438 /* Lato-Regular.ttf */,
			);
			path = Fonts;
			sourceTree = "<group>";
		};
		860DF25DF7FD6FCEA999EDFD /* Pods */ = {
			isa = PBXGroup;
			children = (
				238C12ACCCBE7E5D7252B156 /* Pods.debug.xcconfig */,
				66E71F3445FEF093252D2DE5 /* Pods.release.xcconfig */,
			);
			name = Pods;
			sourceTree = "<group>";
		};
/* End PBXGroup section */

/* Begin PBXNativeTarget section */
		35B398831A96711900975CDD /* Snap Roulette */ = {
			isa = PBXNativeTarget;
			buildConfigurationList = 35B398A71A96711900975CDD /* Build configuration list for PBXNativeTarget "Snap Roulette" */;
			buildPhases = (
				77EAB09DCB3F523B8FE09CCA /* Check Pods Manifest.lock */,
				35B398801A96711900975CDD /* Sources */,
				35B398811A96711900975CDD /* Frameworks */,
				35B398821A96711900975CDD /* Resources */,
				EE1E1913484DA5D0CEA61D77 /* Copy Pods Resources */,
			);
			buildRules = (
			);
			dependencies = (
			);
			name = "Snap Roulette";
			productName = "Snap Roulette";
			productReference = 35B398841A96711900975CDD /* Snap Roulette.app */;
			productType = "com.apple.product-type.application";
		};
		35B3989C1A96711900975CDD /* Snap RouletteTests */ = {
			isa = PBXNativeTarget;
			buildConfigurationList = 35B398AA1A96711900975CDD /* Build configuration list for PBXNativeTarget "Snap RouletteTests" */;
			buildPhases = (
				35B398991A96711900975CDD /* Sources */,
				35B3989A1A96711900975CDD /* Frameworks */,
				35B3989B1A96711900975CDD /* Resources */,
			);
			buildRules = (
			);
			dependencies = (
				35B3989F1A96711900975CDD /* PBXTargetDependency */,
			);
			name = "Snap RouletteTests";
			productName = "Snap RouletteTests";
			productReference = 35B3989D1A96711900975CDD /* Snap RouletteTests.xctest */;
			productType = "com.apple.product-type.bundle.unit-test";
		};
/* End PBXNativeTarget section */

/* Begin PBXProject section */
		35B3987C1A96711900975CDD /* Project object */ = {
			isa = PBXProject;
			attributes = {
				LastUpgradeCheck = 0610;
				ORGANIZATIONNAME = "Jason Fieldman";
				TargetAttributes = {
					35B398831A96711900975CDD = {
						CreatedOnToolsVersion = 6.1.1;
					};
					35B3989C1A96711900975CDD = {
						CreatedOnToolsVersion = 6.1.1;
						DevelopmentTeam = GGY9Q9R73R;
						TestTargetID = 35B398831A96711900975CDD;
					};
				};
			};
			buildConfigurationList = 35B3987F1A96711900975CDD /* Build configuration list for PBXProject "Snap Roulette" */;
			compatibilityVersion = "Xcode 3.2";
			developmentRegion = English;
			hasScannedForEncodings = 0;
			knownRegions = (
				en,
				Base,
			);
			mainGroup = 35B3987B1A96711900975CDD;
			productRefGroup = 35B398851A96711900975CDD /* Products */;
			projectDirPath = "";
			projectRoot = "";
			targets = (
				35B398831A96711900975CDD /* Snap Roulette */,
				35B3989C1A96711900975CDD /* Snap RouletteTests */,
			);
		};
/* End PBXProject section */

/* Begin PBXResourcesBuildPhase section */
		35B398821A96711900975CDD /* Resources */ = {
			isa = PBXResourcesBuildPhase;
			buildActionMask = 2147483647;
			files = (
				35F6C5911AE17D78009EA3F4 /* recv@2x.png in Resources */,
				35F7D0361AC65C5100AF7438 /* facebook_default_portrait.png in Resources */,
				35F6C5901AE17D78009EA3F4 /* sent@2x.png in Resources */,
				35B398981A96711900975CDD /* LaunchScreen.xib in Resources */,
				358A45A41AC458E90019EECC /* test.png in Resources */,
				358A45A21AC455F00019EECC /* polaroid.png in Resources */,
				35F7D0391AC6613F00AF7438 /* Lato-Regular.ttf in Resources */,
				358A45A01AC33E360019EECC /* snap_roulette.png in Resources */,
				35CAA7951ADD6787002ED2C8 /* switch.png in Resources */,
				354E91FF1AC767A100438ECA /* shutter.wav in Resources */,
				35B398951A96711900975CDD /* Images.xcassets in Resources */,
				35F6C5931AE1815B009EA3F4 /* glass@2x.png in Resources */,
			);
			runOnlyForDeploymentPostprocessing = 0;
		};
		35B3989B1A96711900975CDD /* Resources */ = {
			isa = PBXResourcesBuildPhase;
			buildActionMask = 2147483647;
			files = (
			);
			runOnlyForDeploymentPostprocessing = 0;
		};
/* End PBXResourcesBuildPhase section */

/* Begin PBXShellScriptBuildPhase section */
		77EAB09DCB3F523B8FE09CCA /* Check Pods Manifest.lock */ = {
			isa = PBXShellScriptBuildPhase;
			buildActionMask = 2147483647;
			files = (
			);
			inputPaths = (
			);
			name = "Check Pods Manifest.lock";
			outputPaths = (
			);
			runOnlyForDeploymentPostprocessing = 0;
			shellPath = /bin/sh;
			shellScript = "diff \"${PODS_ROOT}/../Podfile.lock\" \"${PODS_ROOT}/Manifest.lock\" > /dev/null\nif [[ $? != 0 ]] ; then\n    cat << EOM\nerror: The sandbox is not in sync with the Podfile.lock. Run 'pod install' or update your CocoaPods installation.\nEOM\n    exit 1\nfi\n";
			showEnvVarsInLog = 0;
		};
		EE1E1913484DA5D0CEA61D77 /* Copy Pods Resources */ = {
			isa = PBXShellScriptBuildPhase;
			buildActionMask = 2147483647;
			files = (
			);
			inputPaths = (
			);
			name = "Copy Pods Resources";
			outputPaths = (
			);
			runOnlyForDeploymentPostprocessing = 0;
			shellPath = /bin/sh;
			shellScript = "\"${SRCROOT}/Pods/Target Support Files/Pods/Pods-resources.sh\"\n";
			showEnvVarsInLog = 0;
		};
/* End PBXShellScriptBuildPhase section */

/* Begin PBXSourcesBuildPhase section */
		35B398801A96711900975CDD /* Sources */ = {
			isa = PBXSourcesBuildPhase;
			buildActionMask = 2147483647;
			files = (
				35F98A4A1AC1AD970058C346 /* FlatWheelImage.m in Sources */,
				35B3988D1A96711900975CDD /* AppDelegate.m in Sources */,
				354E91FC1AC7679800438ECA /* PreloadedSFX.m in Sources */,
				35F7D0341AC6589A00AF7438 /* RandomHelpers.m in Sources */,
				3560A11C1A9E59A3005E29DE /* SnapListViewController.m in Sources */,
				35CAA79E1ADD9D3F002ED2C8 /* PFObject+AKLocalDatastore.m in Sources */,
				35CAA88C1ADF17BF002ED2C8 /* RadialEmoteSelector.m in Sources */,
				3560A1121A9D0C70005E29DE /* MainSnapViewController.m in Sources */,
				35CAA7A11ADDA62B002ED2C8 /* SnapTableViewCell.m in Sources */,
				35B3988A1A96711900975CDD /* main.m in Sources */,
				35CAA7981ADD7023002ED2C8 /* SnapListTabBarController.m in Sources */,
				3560A1091A9CD64B005E29DE /* LoginViewController.m in Sources */,
				35CAA79B1ADD8821002ED2C8 /* PFQuery+DualQuery.m in Sources */,
			);
			runOnlyForDeploymentPostprocessing = 0;
		};
		35B398991A96711900975CDD /* Sources */ = {
			isa = PBXSourcesBuildPhase;
			buildActionMask = 2147483647;
			files = (
				35B398A41A96711900975CDD /* Snap_RouletteTests.m in Sources */,
			);
			runOnlyForDeploymentPostprocessing = 0;
		};
/* End PBXSourcesBuildPhase section */

/* Begin PBXTargetDependency section */
		35B3989F1A96711900975CDD /* PBXTargetDependency */ = {
			isa = PBXTargetDependency;
			target = 35B398831A96711900975CDD /* Snap Roulette */;
			targetProxy = 35B3989E1A96711900975CDD /* PBXContainerItemProxy */;
		};
/* End PBXTargetDependency section */

/* Begin PBXVariantGroup section */
		35B398961A96711900975CDD /* LaunchScreen.xib */ = {
			isa = PBXVariantGroup;
			children = (
				35B398971A96711900975CDD /* Base */,
			);
			name = LaunchScreen.xib;
			sourceTree = "<group>";
		};
/* End PBXVariantGroup section */

/* Begin XCBuildConfiguration section */
		35B398A51A96711900975CDD /* Debug */ = {
			isa = XCBuildConfiguration;
			buildSettings = {
				ALWAYS_SEARCH_USER_PATHS = NO;
				CLANG_CXX_LANGUAGE_STANDARD = "gnu++0x";
				CLANG_CXX_LIBRARY = "libc++";
				CLANG_ENABLE_MODULES = YES;
				CLANG_ENABLE_OBJC_ARC = YES;
				CLANG_WARN_BOOL_CONVERSION = YES;
				CLANG_WARN_CONSTANT_CONVERSION = YES;
				CLANG_WARN_DIRECT_OBJC_ISA_USAGE = YES_ERROR;
				CLANG_WARN_EMPTY_BODY = YES;
				CLANG_WARN_ENUM_CONVERSION = YES;
				CLANG_WARN_INT_CONVERSION = YES;
				CLANG_WARN_OBJC_ROOT_CLASS = YES_ERROR;
				CLANG_WARN_UNREACHABLE_CODE = YES;
				CLANG_WARN__DUPLICATE_METHOD_MATCH = YES;
				"CODE_SIGN_IDENTITY[sdk=iphoneos*]" = "iPhone Developer";
				COPY_PHASE_STRIP = NO;
				ENABLE_STRICT_OBJC_MSGSEND = YES;
				GCC_C_LANGUAGE_STANDARD = gnu99;
				GCC_DYNAMIC_NO_PIC = NO;
				GCC_OPTIMIZATION_LEVEL = 0;
				GCC_PREFIX_HEADER = "Snap Roulette/Snap Roulette.pch";
				GCC_PREPROCESSOR_DEFINITIONS = (
					"DEBUG=1",
					"$(inherited)",
				);
				GCC_SYMBOLS_PRIVATE_EXTERN = NO;
				GCC_WARN_64_TO_32_BIT_CONVERSION = YES;
				GCC_WARN_ABOUT_RETURN_TYPE = YES_ERROR;
				GCC_WARN_UNDECLARED_SELECTOR = YES;
				GCC_WARN_UNINITIALIZED_AUTOS = YES_AGGRESSIVE;
				GCC_WARN_UNUSED_FUNCTION = YES;
				GCC_WARN_UNUSED_VARIABLE = YES;
				IPHONEOS_DEPLOYMENT_TARGET = 8.1;
				MTL_ENABLE_DEBUG_INFO = YES;
				ONLY_ACTIVE_ARCH = YES;
				PROVISIONING_PROFILE = "ac830c69-288f-4732-bfcf-4142cd4d4ff5";
				SDKROOT = iphoneos;
			};
			name = Debug;
		};
		35B398A61A96711900975CDD /* Release */ = {
			isa = XCBuildConfiguration;
			buildSettings = {
				ALWAYS_SEARCH_USER_PATHS = NO;
				CLANG_CXX_LANGUAGE_STANDARD = "gnu++0x";
				CLANG_CXX_LIBRARY = "libc++";
				CLANG_ENABLE_MODULES = YES;
				CLANG_ENABLE_OBJC_ARC = YES;
				CLANG_WARN_BOOL_CONVERSION = YES;
				CLANG_WARN_CONSTANT_CONVERSION = YES;
				CLANG_WARN_DIRECT_OBJC_ISA_USAGE = YES_ERROR;
				CLANG_WARN_EMPTY_BODY = YES;
				CLANG_WARN_ENUM_CONVERSION = YES;
				CLANG_WARN_INT_CONVERSION = YES;
				CLANG_WARN_OBJC_ROOT_CLASS = YES_ERROR;
				CLANG_WARN_UNREACHABLE_CODE = YES;
				CLANG_WARN__DUPLICATE_METHOD_MATCH = YES;
				"CODE_SIGN_IDENTITY[sdk=iphoneos*]" = "iPhone Developer";
				COPY_PHASE_STRIP = YES;
				ENABLE_NS_ASSERTIONS = NO;
				ENABLE_STRICT_OBJC_MSGSEND = YES;
				GCC_C_LANGUAGE_STANDARD = gnu99;
				GCC_PREFIX_HEADER = "Snap Roulette/Snap Roulette.pch";
				GCC_WARN_64_TO_32_BIT_CONVERSION = YES;
				GCC_WARN_ABOUT_RETURN_TYPE = YES_ERROR;
				GCC_WARN_UNDECLARED_SELECTOR = YES;
				GCC_WARN_UNINITIALIZED_AUTOS = YES_AGGRESSIVE;
				GCC_WARN_UNUSED_FUNCTION = YES;
				GCC_WARN_UNUSED_VARIABLE = YES;
				IPHONEOS_DEPLOYMENT_TARGET = 8.1;
				MTL_ENABLE_DEBUG_INFO = NO;
				SDKROOT = iphoneos;
				VALIDATE_PRODUCT = YES;
			};
			name = Release;
		};
		35B398A81A96711900975CDD /* Debug */ = {
			isa = XCBuildConfiguration;
			baseConfigurationReference = 238C12ACCCBE7E5D7252B156 /* Pods.debug.xcconfig */;
			buildSettings = {
				ASSETCATALOG_COMPILER_APPICON_NAME = AppIcon;
				GCC_PRECOMPILE_PREFIX_HEADER = YES;
				INFOPLIST_FILE = "Snap Roulette/Info.plist";
				LD_RUNPATH_SEARCH_PATHS = "$(inherited) @executable_path/Frameworks";
				PRODUCT_NAME = "$(TARGET_NAME)";
			};
			name = Debug;
		};
		35B398A91A96711900975CDD /* Release */ = {
			isa = XCBuildConfiguration;
			baseConfigurationReference = 66E71F3445FEF093252D2DE5 /* Pods.release.xcconfig */;
			buildSettings = {
				ASSETCATALOG_COMPILER_APPICON_NAME = AppIcon;
				GCC_PRECOMPILE_PREFIX_HEADER = YES;
				INFOPLIST_FILE = "Snap Roulette/Info.plist";
				LD_RUNPATH_SEARCH_PATHS = "$(inherited) @executable_path/Frameworks";
				PRODUCT_NAME = "$(TARGET_NAME)";
			};
			name = Release;
		};
		35B398AB1A96711900975CDD /* Debug */ = {
			isa = XCBuildConfiguration;
			buildSettings = {
				BUNDLE_LOADER = "$(TEST_HOST)";
				CODE_SIGN_IDENTITY = "iPhone Developer";
				"CODE_SIGN_IDENTITY[sdk=iphoneos*]" = "iPhone Developer";
				FRAMEWORK_SEARCH_PATHS = (
					"$(SDKROOT)/Developer/Library/Frameworks",
					"$(inherited)",
				);
				GCC_PREFIX_HEADER = "";
				GCC_PREPROCESSOR_DEFINITIONS = (
					"DEBUG=1",
					"$(inherited)",
				);
				INFOPLIST_FILE = "Snap RouletteTests/Info.plist";
				LD_RUNPATH_SEARCH_PATHS = "$(inherited) @executable_path/Frameworks @loader_path/Frameworks";
				PRODUCT_NAME = "$(TARGET_NAME)";
				PROVISIONING_PROFILE = "";
				TEST_HOST = "$(BUILT_PRODUCTS_DIR)/Snap Roulette.app/Snap Roulette";
			};
			name = Debug;
		};
		35B398AC1A96711900975CDD /* Release */ = {
			isa = XCBuildConfiguration;
			buildSettings = {
				BUNDLE_LOADER = "$(TEST_HOST)";
				CODE_SIGN_IDENTITY = "iPhone Developer";
				"CODE_SIGN_IDENTITY[sdk=iphoneos*]" = "iPhone Developer";
				FRAMEWORK_SEARCH_PATHS = (
					"$(SDKROOT)/Developer/Library/Frameworks",
					"$(inherited)",
				);
				GCC_PREFIX_HEADER = "";
				INFOPLIST_FILE = "Snap RouletteTests/Info.plist";
				LD_RUNPATH_SEARCH_PATHS = "$(inherited) @executable_path/Frameworks @loader_path/Frameworks";
				PRODUCT_NAME = "$(TARGET_NAME)";
				PROVISIONING_PROFILE = "";
				TEST_HOST = "$(BUILT_PRODUCTS_DIR)/Snap Roulette.app/Snap Roulette";
			};
			name = Release;
		};
/* End XCBuildConfiguration section */

/* Begin XCConfigurationList section */
		35B3987F1A96711900975CDD /* Build configuration list for PBXProject "Snap Roulette" */ = {
			isa = XCConfigurationList;
			buildConfigurations = (
				35B398A51A96711900975CDD /* Debug */,
				35B398A61A96711900975CDD /* Release */,
			);
			defaultConfigurationIsVisible = 0;
			defaultConfigurationName = Release;
		};
		35B398A71A96711900975CDD /* Build configuration list for PBXNativeTarget "Snap Roulette" */ = {
			isa = XCConfigurationList;
			buildConfigurations = (
				35B398A81A96711900975CDD /* Debug */,
				35B398A91A96711900975CDD /* Release */,
			);
			defaultConfigurationIsVisible = 0;
			defaultConfigurationName = Release;
		};
		35B398AA1A96711900975CDD /* Build configuration list for PBXNativeTarget "Snap RouletteTests" */ = {
			isa = XCConfigurationList;
			buildConfigurations = (
				35B398AB1A96711900975CDD /* Debug */,
				35B398AC1A96711900975CDD /* Release */,
			);
			defaultConfigurationIsVisible = 0;
			defaultConfigurationName = Release;
		};
/* End XCConfigurationList section */
	};
	rootObject = 35B3987C1A96711900975CDD /* Project object */;
}
